// !$*UTF8*$!
{
	archiveVersion = 1;
	classes = {
	};
	objectVersion = 56;
	objects = {

/* Begin PBXBuildFile section */
		10AB6CDB2C89ED4F00A787CA /* NumbersGameApp.swift in Sources */ = {isa = PBXBuildFile; fileRef = 10AB6CDA2C89ED4F00A787CA /* NumbersGameApp.swift */; };
		10AB6CDD2C89ED4F00A787CA /* ContentView.swift in Sources */ = {isa = PBXBuildFile; fileRef = 10AB6CDC2C89ED4F00A787CA /* ContentView.swift */; };
		10AB6CDF2C89ED5200A787CA /* Assets.xcassets in Resources */ = {isa = PBXBuildFile; fileRef = 10AB6CDE2C89ED5200A787CA /* Assets.xcassets */; };
		10AB6CE32C89ED5200A787CA /* Preview Assets.xcassets in Resources */ = {isa = PBXBuildFile; fileRef = 10AB6CE22C89ED5200A787CA /* Preview Assets.xcassets */; };
		10AB6CED2C89ED5300A787CA /* NumbersGameTests.swift in Sources */ = {isa = PBXBuildFile; fileRef = 10AB6CEC2C89ED5300A787CA /* NumbersGameTests.swift */; };
		10AB6CF72C89ED5300A787CA /* NumbersGameUITests.swift in Sources */ = {isa = PBXBuildFile; fileRef = 10AB6CF62C89ED5300A787CA /* NumbersGameUITests.swift */; };
		10AB6CF92C89ED5300A787CA /* NumbersGameUITestsLaunchTests.swift in Sources */ = {isa = PBXBuildFile; fileRef = 10AB6CF82C89ED5300A787CA /* NumbersGameUITestsLaunchTests.swift */; };
/* End PBXBuildFile section */

/* Begin PBXContainerItemProxy section */
		10AB6CE92C89ED5300A787CA /* PBXContainerItemProxy */ = {
			isa = PBXContainerItemProxy;
			containerPortal = 10AB6CCF2C89ED4F00A787CA /* Project object */;
			proxyType = 1;
			remoteGlobalIDString = 10AB6CD62C89ED4F00A787CA;
			remoteInfo = NumbersGame;
		};
		10AB6CF32C89ED5300A787CA /* PBXContainerItemProxy */ = {
			isa = PBXContainerItemProxy;
			containerPortal = 10AB6CCF2C89ED4F00A787CA /* Project object */;
			proxyType = 1;
			remoteGlobalIDString = 10AB6CD62C89ED4F00A787CA;
			remoteInfo = NumbersGame;
		};
/* End PBXContainerItemProxy section */

/* Begin PBXFileReference section */
		10AB6CD72C89ED4F00A787CA /* NumbersGame.app */ = {isa = PBXFileReference; explicitFileType = wrapper.application; includeInIndex = 0; path = NumbersGame.app; sourceTree = BUILT_PRODUCTS_DIR; };
		10AB6CDA2C89ED4F00A787CA /* NumbersGameApp.swift */ = {isa = PBXFileReference; lastKnownFileType = sourcecode.swift; path = NumbersGameApp.swift; sourceTree = "<group>"; };
		10AB6CDC2C89ED4F00A787CA /* ContentView.swift */ = {isa = PBXFileReference; lastKnownFileType = sourcecode.swift; path = ContentView.swift; sourceTree = "<group>"; };
		10AB6CDE2C89ED5200A787CA /* Assets.xcassets */ = {isa = PBXFileReference; lastKnownFileType = folder.assetcatalog; path = Assets.xcassets; sourceTree = "<group>"; };
		10AB6CE02C89ED5200A787CA /* NumbersGame.entitlements */ = {isa = PBXFileReference; lastKnownFileType = text.plist.entitlements; path = NumbersGame.entitlements; sourceTree = "<group>"; };
		10AB6CE22C89ED5200A787CA /* Preview Assets.xcassets */ = {isa = PBXFileReference; lastKnownFileType = folder.assetcatalog; path = "Preview Assets.xcassets"; sourceTree = "<group>"; };
		10AB6CE82C89ED5300A787CA /* NumbersGameTests.xctest */ = {isa = PBXFileReference; explicitFileType = wrapper.cfbundle; includeInIndex = 0; path = NumbersGameTests.xctest; sourceTree = BUILT_PRODUCTS_DIR; };
		10AB6CEC2C89ED5300A787CA /* NumbersGameTests.swift */ = {isa = PBXFileReference; lastKnownFileType = sourcecode.swift; path = NumbersGameTests.swift; sourceTree = "<group>"; };
		10AB6CF22C89ED5300A787CA /* NumbersGameUITests.xctest */ = {isa = PBXFileReference; explicitFileType = wrapper.cfbundle; includeInIndex = 0; path = NumbersGameUITests.xctest; sourceTree = BUILT_PRODUCTS_DIR; };
		10AB6CF62C89ED5300A787CA /* NumbersGameUITests.swift */ = {isa = PBXFileReference; lastKnownFileType = sourcecode.swift; path = NumbersGameUITests.swift; sourceTree = "<group>"; };
		10AB6CF82C89ED5300A787CA /* NumbersGameUITestsLaunchTests.swift */ = {isa = PBXFileReference; lastKnownFileType = sourcecode.swift; path = NumbersGameUITestsLaunchTests.swift; sourceTree = "<group>"; };
/* End PBXFileReference section */

/* Begin PBXFrameworksBuildPhase section */
		10AB6CD42C89ED4F00A787CA /* Frameworks */ = {
			isa = PBXFrameworksBuildPhase;
			buildActionMask = 2147483647;
			files = (
			);
			runOnlyForDeploymentPostprocessing = 0;
		};
		10AB6CE52C89ED5300A787CA /* Frameworks */ = {
			isa = PBXFrameworksBuildPhase;
			buildActionMask = 2147483647;
			files = (
			);
			runOnlyForDeploymentPostprocessing = 0;
		};
		10AB6CEF2C89ED5300A787CA /* Frameworks */ = {
			isa = PBXFrameworksBuildPhase;
			buildActionMask = 2147483647;
			files = (
			);
			runOnlyForDeploymentPostprocessing = 0;
		};
/* End PBXFrameworksBuildPhase section */

/* Begin PBXGroup section */
		10AB6CCE2C89ED4F00A787CA = {
			isa = PBXGroup;
			children = (
				10AB6CD92C89ED4F00A787CA /* NumbersGame */,
				10AB6CEB2C89ED5300A787CA /* NumbersGameTests */,
				10AB6CF52C89ED5300A787CA /* NumbersGameUITests */,
				10AB6CD82C89ED4F00A787CA /* Products */,
			);
			sourceTree = "<group>";
		};
		10AB6CD82C89ED4F00A787CA /* Products */ = {
			isa = PBXGroup;
			children = (
				10AB6CD72C89ED4F00A787CA /* NumbersGame.app */,
				10AB6CE82C89ED5300A787CA /* NumbersGameTests.xctest */,
				10AB6CF22C89ED5300A787CA /* NumbersGameUITests.xctest */,
			);
			name = Products;
			sourceTree = "<group>";
		};
		10AB6CD92C89ED4F00A787CA /* NumbersGame */ = {
			isa = PBXGroup;
			children = (
				10AB6CDA2C89ED4F00A787CA /* NumbersGameApp.swift */,
				10AB6CDC2C89ED4F00A787CA /* ContentView.swift */,
				10AB6CDE2C89ED5200A787CA /* Assets.xcassets */,
				10AB6CE02C89ED5200A787CA /* NumbersGame.entitlements */,
				10AB6CE12C89ED5200A787CA /* Preview Content */,
			);
			path = NumbersGame;
			sourceTree = "<group>";
		};
		10AB6CE12C89ED5200A787CA /* Preview Content */ = {
			isa = PBXGroup;
			children = (
				10AB6CE22C89ED5200A787CA /* Preview Assets.xcassets */,
			);
			path = "Preview Content";
			sourceTree = "<group>";
		};
		10AB6CEB2C89ED5300A787CA /* NumbersGameTests */ = {
			isa = PBXGroup;
			children = (
				10AB6CEC2C89ED5300A787CA /* NumbersGameTests.swift */,
			);
			path = NumbersGameTests;
			sourceTree = "<group>";
		};
		10AB6CF52C89ED5300A787CA /* NumbersGameUITests */ = {
			isa = PBXGroup;
			children = (
				10AB6CF62C89ED5300A787CA /* NumbersGameUITests.swift */,
				10AB6CF82C89ED5300A787CA /* NumbersGameUITestsLaunchTests.swift */,
			);
			path = NumbersGameUITests;
			sourceTree = "<group>";
		};
/* End PBXGroup section */

/* Begin PBXNativeTarget section */
		10AB6CD62C89ED4F00A787CA /* NumbersGame */ = {
			isa = PBXNativeTarget;
			buildConfigurationList = 10AB6CFC2C89ED5300A787CA /* Build configuration list for PBXNativeTarget "NumbersGame" */;
			buildPhases = (
				10AB6CD32C89ED4F00A787CA /* Sources */,
				10AB6CD42C89ED4F00A787CA /* Frameworks */,
				10AB6CD52C89ED4F00A787CA /* Resources */,
			);
			buildRules = (
			);
			dependencies = (
			);
			name = NumbersGame;
			productName = NumbersGame;
			productReference = 10AB6CD72C89ED4F00A787CA /* NumbersGame.app */;
			productType = "com.apple.product-type.application";
		};
		10AB6CE72C89ED5300A787CA /* NumbersGameTests */ = {
			isa = PBXNativeTarget;
			buildConfigurationList = 10AB6CFF2C89ED5300A787CA /* Build configuration list for PBXNativeTarget "NumbersGameTests" */;
			buildPhases = (
				10AB6CE42C89ED5300A787CA /* Sources */,
				10AB6CE52C89ED5300A787CA /* Frameworks */,
				10AB6CE62C89ED5300A787CA /* Resources */,
			);
			buildRules = (
			);
			dependencies = (
				10AB6CEA2C89ED5300A787CA /* PBXTargetDependency */,
			);
			name = NumbersGameTests;
			productName = NumbersGameTests;
			productReference = 10AB6CE82C89ED5300A787CA /* NumbersGameTests.xctest */;
			productType = "com.apple.product-type.bundle.unit-test";
		};
		10AB6CF12C89ED5300A787CA /* NumbersGameUITests */ = {
			isa = PBXNativeTarget;
			buildConfigurationList = 10AB6D022C89ED5300A787CA /* Build configuration list for PBXNativeTarget "NumbersGameUITests" */;
			buildPhases = (
				10AB6CEE2C89ED5300A787CA /* Sources */,
				10AB6CEF2C89ED5300A787CA /* Frameworks */,
				10AB6CF02C89ED5300A787CA /* Resources */,
			);
			buildRules = (
			);
			dependencies = (
				10AB6CF42C89ED5300A787CA /* PBXTargetDependency */,
			);
			name = NumbersGameUITests;
			productName = NumbersGameUITests;
			productReference = 10AB6CF22C89ED5300A787CA /* NumbersGameUITests.xctest */;
			productType = "com.apple.product-type.bundle.ui-testing";
		};
/* End PBXNativeTarget section */

/* Begin PBXProject section */
		10AB6CCF2C89ED4F00A787CA /* Project object */ = {
			isa = PBXProject;
			attributes = {
				BuildIndependentTargetsInParallel = 1;
				LastSwiftUpdateCheck = 1540;
				LastUpgradeCheck = 1540;
				TargetAttributes = {
					10AB6CD62C89ED4F00A787CA = {
						CreatedOnToolsVersion = 15.4;
					};
					10AB6CE72C89ED5300A787CA = {
						CreatedOnToolsVersion = 15.4;
						TestTargetID = 10AB6CD62C89ED4F00A787CA;
					};
					10AB6CF12C89ED5300A787CA = {
						CreatedOnToolsVersion = 15.4;
						TestTargetID = 10AB6CD62C89ED4F00A787CA;
					};
				};
			};
			buildConfigurationList = 10AB6CD22C89ED4F00A787CA /* Build configuration list for PBXProject "NumbersGame" */;
			compatibilityVersion = "Xcode 14.0";
			developmentRegion = en;
			hasScannedForEncodings = 0;
			knownRegions = (
				en,
				Base,
			);
			mainGroup = 10AB6CCE2C89ED4F00A787CA;
			productRefGroup = 10AB6CD82C89ED4F00A787CA /* Products */;
			projectDirPath = "";
			projectRoot = "";
			targets = (
				10AB6CD62C89ED4F00A787CA /* NumbersGame */,
				10AB6CE72C89ED5300A787CA /* NumbersGameTests */,
				10AB6CF12C89ED5300A787CA /* NumbersGameUITests */,
			);
		};
/* End PBXProject section */

/* Begin PBXResourcesBuildPhase section */
		10AB6CD52C89ED4F00A787CA /* Resources */ = {
			isa = PBXResourcesBuildPhase;
			buildActionMask = 2147483647;
			files = (
				10AB6CE32C89ED5200A787CA /* Preview Assets.xcassets in Resources */,
				10AB6CDF2C89ED5200A787CA /* Assets.xcassets in Resources */,
			);
			runOnlyForDeploymentPostprocessing = 0;
		};
		10AB6CE62C89ED5300A787CA /* Resources */ = {
			isa = PBXResourcesBuildPhase;
			buildActionMask = 2147483647;
			files = (
			);
			runOnlyForDeploymentPostprocessing = 0;
		};
		10AB6CF02C89ED5300A787CA /* Resources */ = {
			isa = PBXResourcesBuildPhase;
			buildActionMask = 2147483647;
			files = (
			);
			runOnlyForDeploymentPostprocessing = 0;
		};
/* End PBXResourcesBuildPhase section */

/* Begin PBXSourcesBuildPhase section */
		10AB6CD32C89ED4F00A787CA /* Sources */ = {
			isa = PBXSourcesBuildPhase;
			buildActionMask = 2147483647;
			files = (
				10AB6CDD2C89ED4F00A787CA /* ContentView.swift in Sources */,
				10AB6CDB2C89ED4F00A787CA /* NumbersGameApp.swift in Sources */,
			);
			runOnlyForDeploymentPostprocessing = 0;
		};
		10AB6CE42C89ED5300A787CA /* Sources */ = {
			isa = PBXSourcesBuildPhase;
			buildActionMask = 2147483647;
			files = (
				10AB6CED2C89ED5300A787CA /* NumbersGameTests.swift in Sources */,
			);
			runOnlyForDeploymentPostprocessing = 0;
		};
		10AB6CEE2C89ED5300A787CA /* Sources */ = {
			isa = PBXSourcesBuildPhase;
			buildActionMask = 2147483647;
			files = (
				10AB6CF72C89ED5300A787CA /* NumbersGameUITests.swift in Sources */,
				10AB6CF92C89ED5300A787CA /* NumbersGameUITestsLaunchTests.swift in Sources */,
			);
			runOnlyForDeploymentPostprocessing = 0;
		};
/* End PBXSourcesBuildPhase section */

/* Begin PBXTargetDependency section */
		10AB6CEA2C89ED5300A787CA /* PBXTargetDependency */ = {
			isa = PBXTargetDependency;
			target = 10AB6CD62C89ED4F00A787CA /* NumbersGame */;
			targetProxy = 10AB6CE92C89ED5300A787CA /* PBXContainerItemProxy */;
		};
		10AB6CF42C89ED5300A787CA /* PBXTargetDependency */ = {
			isa = PBXTargetDependency;
			target = 10AB6CD62C89ED4F00A787CA /* NumbersGame */;
			targetProxy = 10AB6CF32C89ED5300A787CA /* PBXContainerItemProxy */;
		};
/* End PBXTargetDependency section */

/* Begin XCBuildConfiguration section */
		10AB6CFA2C89ED5300A787CA /* Debug */ = {
			isa = XCBuildConfiguration;
			buildSettings = {
				ALWAYS_SEARCH_USER_PATHS = NO;
				ASSETCATALOG_COMPILER_GENERATE_SWIFT_ASSET_SYMBOL_EXTENSIONS = YES;
				CLANG_ANALYZER_NONNULL = YES;
				CLANG_ANALYZER_NUMBER_OBJECT_CONVERSION = YES_AGGRESSIVE;
				CLANG_CXX_LANGUAGE_STANDARD = "gnu++20";
				CLANG_ENABLE_MODULES = YES;
				CLANG_ENABLE_OBJC_ARC = YES;
				CLANG_ENABLE_OBJC_WEAK = YES;
				CLANG_WARN_BLOCK_CAPTURE_AUTORELEASING = YES;
				CLANG_WARN_BOOL_CONVERSION = YES;
				CLANG_WARN_COMMA = YES;
				CLANG_WARN_CONSTANT_CONVERSION = YES;
				CLANG_WARN_DEPRECATED_OBJC_IMPLEMENTATIONS = YES;
				CLANG_WARN_DIRECT_OBJC_ISA_USAGE = YES_ERROR;
				CLANG_WARN_DOCUMENTATION_COMMENTS = YES;
				CLANG_WARN_EMPTY_BODY = YES;
				CLANG_WARN_ENUM_CONVERSION = YES;
				CLANG_WARN_INFINITE_RECURSION = YES;
				CLANG_WARN_INT_CONVERSION = YES;
				CLANG_WARN_NON_LITERAL_NULL_CONVERSION = YES;
				CLANG_WARN_OBJC_IMPLICIT_RETAIN_SELF = YES;
				CLANG_WARN_OBJC_LITERAL_CONVERSION = YES;
				CLANG_WARN_OBJC_ROOT_CLASS = YES_ERROR;
				CLANG_WARN_QUOTED_INCLUDE_IN_FRAMEWORK_HEADER = YES;
				CLANG_WARN_RANGE_LOOP_ANALYSIS = YES;
				CLANG_WARN_STRICT_PROTOTYPES = YES;
				CLANG_WARN_SUSPICIOUS_MOVE = YES;
				CLANG_WARN_UNGUARDED_AVAILABILITY = YES_AGGRESSIVE;
				CLANG_WARN_UNREACHABLE_CODE = YES;
				CLANG_WARN__DUPLICATE_METHOD_MATCH = YES;
				COPY_PHASE_STRIP = NO;
				DEBUG_INFORMATION_FORMAT = dwarf;
				ENABLE_STRICT_OBJC_MSGSEND = YES;
				ENABLE_TESTABILITY = YES;
				ENABLE_USER_SCRIPT_SANDBOXING = YES;
				GCC_C_LANGUAGE_STANDARD = gnu17;
				GCC_DYNAMIC_NO_PIC = NO;
				GCC_NO_COMMON_BLOCKS = YES;
				GCC_OPTIMIZATION_LEVEL = 0;
				GCC_PREPROCESSOR_DEFINITIONS = (
					"DEBUG=1",
					"$(inherited)",
				);
				GCC_WARN_64_TO_32_BIT_CONVERSION = YES;
				GCC_WARN_ABOUT_RETURN_TYPE = YES_ERROR;
				GCC_WARN_UNDECLARED_SELECTOR = YES;
				GCC_WARN_UNINITIALIZED_AUTOS = YES_AGGRESSIVE;
				GCC_WARN_UNUSED_FUNCTION = YES;
				GCC_WARN_UNUSED_VARIABLE = YES;
				LOCALIZATION_PREFERS_STRING_CATALOGS = YES;
				MTL_ENABLE_DEBUG_INFO = INCLUDE_SOURCE;
				MTL_FAST_MATH = YES;
				ONLY_ACTIVE_ARCH = YES;
				SWIFT_ACTIVE_COMPILATION_CONDITIONS = "DEBUG $(inherited)";
				SWIFT_OPTIMIZATION_LEVEL = "-Onone";
			};
			name = Debug;
		};
		10AB6CFB2C89ED5300A787CA /* Release */ = {
			isa = XCBuildConfiguration;
			buildSettings = {
				ALWAYS_SEARCH_USER_PATHS = NO;
				ASSETCATALOG_COMPILER_GENERATE_SWIFT_ASSET_SYMBOL_EXTENSIONS = YES;
				CLANG_ANALYZER_NONNULL = YES;
				CLANG_ANALYZER_NUMBER_OBJECT_CONVERSION = YES_AGGRESSIVE;
				CLANG_CXX_LANGUAGE_STANDARD = "gnu++20";
				CLANG_ENABLE_MODULES = YES;
				CLANG_ENABLE_OBJC_ARC = YES;
				CLANG_ENABLE_OBJC_WEAK = YES;
				CLANG_WARN_BLOCK_CAPTURE_AUTORELEASING = YES;
				CLANG_WARN_BOOL_CONVERSION = YES;
				CLANG_WARN_COMMA = YES;
				CLANG_WARN_CONSTANT_CONVERSION = YES;
				CLANG_WARN_DEPRECATED_OBJC_IMPLEMENTATIONS = YES;
				CLANG_WARN_DIRECT_OBJC_ISA_USAGE = YES_ERROR;
				CLANG_WARN_DOCUMENTATION_COMMENTS = YES;
				CLANG_WARN_EMPTY_BODY = YES;
				CLANG_WARN_ENUM_CONVERSION = YES;
				CLANG_WARN_INFINITE_RECURSION = YES;
				CLANG_WARN_INT_CONVERSION = YES;
				CLANG_WARN_NON_LITERAL_NULL_CONVERSION = YES;
				CLANG_WARN_OBJC_IMPLICIT_RETAIN_SELF = YES;
				CLANG_WARN_OBJC_LITERAL_CONVERSION = YES;
				CLANG_WARN_OBJC_ROOT_CLASS = YES_ERROR;
				CLANG_WARN_QUOTED_INCLUDE_IN_FRAMEWORK_HEADER = YES;
				CLANG_WARN_RANGE_LOOP_ANALYSIS = YES;
				CLANG_WARN_STRICT_PROTOTYPES = YES;
				CLANG_WARN_SUSPICIOUS_MOVE = YES;
				CLANG_WARN_UNGUARDED_AVAILABILITY = YES_AGGRESSIVE;
				CLANG_WARN_UNREACHABLE_CODE = YES;
				CLANG_WARN__DUPLICATE_METHOD_MATCH = YES;
				COPY_PHASE_STRIP = NO;
				DEBUG_INFORMATION_FORMAT = "dwarf-with-dsym";
				ENABLE_NS_ASSERTIONS = NO;
				ENABLE_STRICT_OBJC_MSGSEND = YES;
				ENABLE_USER_SCRIPT_SANDBOXING = YES;
				GCC_C_LANGUAGE_STANDARD = gnu17;
				GCC_NO_COMMON_BLOCKS = YES;
				GCC_WARN_64_TO_32_BIT_CONVERSION = YES;
				GCC_WARN_ABOUT_RETURN_TYPE = YES_ERROR;
				GCC_WARN_UNDECLARED_SELECTOR = YES;
				GCC_WARN_UNINITIALIZED_AUTOS = YES_AGGRESSIVE;
				GCC_WARN_UNUSED_FUNCTION = YES;
				GCC_WARN_UNUSED_VARIABLE = YES;
				LOCALIZATION_PREFERS_STRING_CATALOGS = YES;
				MTL_ENABLE_DEBUG_INFO = NO;
				MTL_FAST_MATH = YES;
				SWIFT_COMPILATION_MODE = wholemodule;
			};
			name = Release;
		};
		10AB6CFD2C89ED5300A787CA /* Debug */ = {
			isa = XCBuildConfiguration;
			buildSettings = {
				ASSETCATALOG_COMPILER_APPICON_NAME = AppIcon;
				ASSETCATALOG_COMPILER_GLOBAL_ACCENT_COLOR_NAME = AccentColor;
				CODE_SIGN_ENTITLEMENTS = NumbersGame/NumbersGame.entitlements;
				CODE_SIGN_STYLE = Automatic;
				CURRENT_PROJECT_VERSION = 1;
				DEVELOPMENT_ASSET_PATHS = "\"NumbersGame/Preview Content\"";
				ENABLE_PREVIEWS = YES;
				GENERATE_INFOPLIST_FILE = YES;
				"INFOPLIST_KEY_UIApplicationSceneManifest_Generation[sdk=iphoneos*]" = YES;
				"INFOPLIST_KEY_UIApplicationSceneManifest_Generation[sdk=iphonesimulator*]" = YES;
				"INFOPLIST_KEY_UIApplicationSupportsIndirectInputEvents[sdk=iphoneos*]" = YES;
				"INFOPLIST_KEY_UIApplicationSupportsIndirectInputEvents[sdk=iphonesimulator*]" = YES;
				"INFOPLIST_KEY_UILaunchScreen_Generation[sdk=iphoneos*]" = YES;
				"INFOPLIST_KEY_UILaunchScreen_Generation[sdk=iphonesimulator*]" = YES;
				"INFOPLIST_KEY_UIStatusBarStyle[sdk=iphoneos*]" = UIStatusBarStyleDefault;
				"INFOPLIST_KEY_UIStatusBarStyle[sdk=iphonesimulator*]" = UIStatusBarStyleDefault;
				INFOPLIST_KEY_UISupportedInterfaceOrientations_iPad = "UIInterfaceOrientationPortrait UIInterfaceOrientationPortraitUpsideDown UIInterfaceOrientationLandscapeLeft UIInterfaceOrientationLandscapeRight";
				INFOPLIST_KEY_UISupportedInterfaceOrientations_iPhone = "UIInterfaceOrientationPortrait UIInterfaceOrientationLandscapeLeft UIInterfaceOrientationLandscapeRight";
				IPHONEOS_DEPLOYMENT_TARGET = 17.5;
				LD_RUNPATH_SEARCH_PATHS = "@executable_path/Frameworks";
				"LD_RUNPATH_SEARCH_PATHS[sdk=macosx*]" = "@executable_path/../Frameworks";
				MACOSX_DEPLOYMENT_TARGET = 14.5;
				MARKETING_VERSION = 1.0;
				PRODUCT_BUNDLE_IDENTIFIER = NumbersGame.NumbersGame;
				PRODUCT_NAME = "$(TARGET_NAME)";
				SDKROOT = auto;
				SUPPORTED_PLATFORMS = "iphoneos iphonesimulator macosx";
				SWIFT_EMIT_LOC_STRINGS = YES;
				SWIFT_VERSION = 5.0;
				TARGETED_DEVICE_FAMILY = "1,2";
			};
			name = Debug;
		};
		10AB6CFE2C89ED5300A787CA /* Release */ = {
			isa = XCBuildConfiguration;
			buildSettings = {
				ASSETCATALOG_COMPILER_APPICON_NAME = AppIcon;
				ASSETCATALOG_COMPILER_GLOBAL_ACCENT_COLOR_NAME = AccentColor;
				CODE_SIGN_ENTITLEMENTS = NumbersGame/NumbersGame.entitlements;
				CODE_SIGN_STYLE = Automatic;
				CURRENT_PROJECT_VERSION = 1;
				DEVELOPMENT_ASSET_PATHS = "\"NumbersGame/Preview Content\"";
				ENABLE_PREVIEWS = YES;
				GENERATE_INFOPLIST_FILE = YES;
				"INFOPLIST_KEY_UIApplicationSceneManifest_Generation[sdk=iphoneos*]" = YES;
				"INFOPLIST_KEY_UIApplicationSceneManifest_Generation[sdk=iphonesimulator*]" = YES;
				"INFOPLIST_KEY_UIApplicationSupportsIndirectInputEvents[sdk=iphoneos*]" = YES;
				"INFOPLIST_KEY_UIApplicationSupportsIndirectInputEvents[sdk=iphonesimulator*]" = YES;
				"INFOPLIST_KEY_UILaunchScreen_Generation[sdk=iphoneos*]" = YES;
				"INFOPLIST_KEY_UILaunchScreen_Generation[sdk=iphonesimulator*]" = YES;
				"INFOPLIST_KEY_UIStatusBarStyle[sdk=iphoneos*]" = UIStatusBarStyleDefault;
				"INFOPLIST_KEY_UIStatusBarStyle[sdk=iphonesimulator*]" = UIStatusBarStyleDefault;
				INFOPLIST_KEY_UISupportedInterfaceOrientations_iPad = "UIInterfaceOrientationPortrait UIInterfaceOrientationPortraitUpsideDown UIInterfaceOrientationLandscapeLeft UIInterfaceOrientationLandscapeRight";
				INFOPLIST_KEY_UISupportedInterfaceOrientations_iPhone = "UIInterfaceOrientationPortrait UIInterfaceOrientationLandscapeLeft UIInterfaceOrientationLandscapeRight";
				IPHONEOS_DEPLOYMENT_TARGET = 17.5;
				LD_RUNPATH_SEARCH_PATHS = "@executable_path/Frameworks";
				"LD_RUNPATH_SEARCH_PATHS[sdk=macosx*]" = "@executable_path/../Frameworks";
				MACOSX_DEPLOYMENT_TARGET = 14.5;
				MARKETING_VERSION = 1.0;
				PRODUCT_BUNDLE_IDENTIFIER = NumbersGame.NumbersGame;
				PRODUCT_NAME = "$(TARGET_NAME)";
				SDKROOT = auto;
				SUPPORTED_PLATFORMS = "iphoneos iphonesimulator macosx";
				SWIFT_EMIT_LOC_STRINGS = YES;
				SWIFT_VERSION = 5.0;
				TARGETED_DEVICE_FAMILY = "1,2";
			};
			name = Release;
		};
		10AB6D002C89ED5300A787CA /* Debug */ = {
			isa = XCBuildConfiguration;
			buildSettings = {
				ALWAYS_EMBED_SWIFT_STANDARD_LIBRARIES = YES;
				BUNDLE_LOADER = "$(TEST_HOST)";
				CODE_SIGN_STYLE = Automatic;
				CURRENT_PROJECT_VERSION = 1;
				GENERATE_INFOPLIST_FILE = YES;
				IPHONEOS_DEPLOYMENT_TARGET = 17.5;
				MACOSX_DEPLOYMENT_TARGET = 14.5;
				MARKETING_VERSION = 1.0;
				PRODUCT_BUNDLE_IDENTIFIER = NumbersGame.NumbersGameTests;
				PRODUCT_NAME = "$(TARGET_NAME)";
				SDKROOT = auto;
				SUPPORTED_PLATFORMS = "iphoneos iphonesimulator macosx";
				SWIFT_EMIT_LOC_STRINGS = NO;
				SWIFT_VERSION = 5.0;
				TARGETED_DEVICE_FAMILY = "1,2";
				TEST_HOST = "$(BUILT_PRODUCTS_DIR)/NumbersGame.app/$(BUNDLE_EXECUTABLE_FOLDER_PATH)/NumbersGame";
			};
			name = Debug;
		};
		10AB6D012C89ED5300A787CA /* Release */ = {
			isa = XCBuildConfiguration;
			buildSettings = {
				ALWAYS_EMBED_SWIFT_STANDARD_LIBRARIES = YES;
				BUNDLE_LOADER = "$(TEST_HOST)";
				CODE_SIGN_STYLE = Automatic;
				CURRENT_PROJECT_VERSION = 1;
				GENERATE_INFOPLIST_FILE = YES;
				IPHONEOS_DEPLOYMENT_TARGET = 17.5;
				MACOSX_DEPLOYMENT_TARGET = 14.5;
				MARKETING_VERSION = 1.0;
				PRODUCT_BUNDLE_IDENTIFIER = NumbersGame.NumbersGameTests;
				PRODUCT_NAME = "$(TARGET_NAME)";
				SDKROOT = auto;
				SUPPORTED_PLATFORMS = "iphoneos iphonesimulator macosx";
				SWIFT_EMIT_LOC_STRINGS = NO;
				SWIFT_VERSION = 5.0;
				TARGETED_DEVICE_FAMILY = "1,2";
				TEST_HOST = "$(BUILT_PRODUCTS_DIR)/NumbersGame.app/$(BUNDLE_EXECUTABLE_FOLDER_PATH)/NumbersGame";
			};
			name = Release;
		};
		10AB6D032C89ED5300A787CA /* Debug */ = {
			isa = XCBuildConfiguration;
			buildSettings = {
				ALWAYS_EMBED_SWIFT_STANDARD_LIBRARIES = YES;
				CODE_SIGN_STYLE = Automatic;
				CURRENT_PROJECT_VERSION = 1;
				GENERATE_INFOPLIST_FILE = YES;
				IPHONEOS_DEPLOYMENT_TARGET = 17.5;
				MACOSX_DEPLOYMENT_TARGET = 14.5;
				MARKETING_VERSION = 1.0;
				PRODUCT_BUNDLE_IDENTIFIER = NumbersGame.NumbersGameUITests;
				PRODUCT_NAME = "$(TARGET_NAME)";
				SDKROOT = auto;
				SUPPORTED_PLATFORMS = "iphoneos iphonesimulator macosx";
				SWIFT_EMIT_LOC_STRINGS = NO;
				SWIFT_VERSION = 5.0;
				TARGETED_DEVICE_FAMILY = "1,2";
				TEST_TARGET_NAME = NumbersGame;
			};
			name = Debug;
		};
		10AB6D042C89ED5300A787CA /* Release */ = {
			isa = XCBuildConfiguration;
			buildSettings = {
				ALWAYS_EMBED_SWIFT_STANDARD_LIBRARIES = YES;
				CODE_SIGN_STYLE = Automatic;
				CURRENT_PROJECT_VERSION = 1;
				GENERATE_INFOPLIST_FILE = YES;
				IPHONEOS_DEPLOYMENT_TARGET = 17.5;
				MACOSX_DEPLOYMENT_TARGET = 14.5;
				MARKETING_VERSION = 1.0;
				PRODUCT_BUNDLE_IDENTIFIER = NumbersGame.NumbersGameUITests;
				PRODUCT_NAME = "$(TARGET_NAME)";
				SDKROOT = auto;
				SUPPORTED_PLATFORMS = "iphoneos iphonesimulator macosx";
				SWIFT_EMIT_LOC_STRINGS = NO;
				SWIFT_VERSION = 5.0;
				TARGETED_DEVICE_FAMILY = "1,2";
				TEST_TARGET_NAME = NumbersGame;
			};
			name = Release;
		};
/* End XCBuildConfiguration section */

/* Begin XCConfigurationList section */
		10AB6CD22C89ED4F00A787CA /* Build configuration list for PBXProject "NumbersGame" */ = {
			isa = XCConfigurationList;
			buildConfigurations = (
				10AB6CFA2C89ED5300A787CA /* Debug */,
				10AB6CFB2C89ED5300A787CA /* Release */,
			);
			defaultConfigurationIsVisible = 0;
			defaultConfigurationName = Release;
		};
		10AB6CFC2C89ED5300A787CA /* Build configuration list for PBXNativeTarget "NumbersGame" */ = {
			isa = XCConfigurationList;
			buildConfigurations = (
				10AB6CFD2C89ED5300A787CA /* Debug */,
				10AB6CFE2C89ED5300A787CA /* Release */,
			);
			defaultConfigurationIsVisible = 0;
			defaultConfigurationName = Release;
		};
		10AB6CFF2C89ED5300A787CA /* Build configuration list for PBXNativeTarget "NumbersGameTests" */ = {
			isa = XCConfigurationList;
			buildConfigurations = (
				10AB6D002C89ED5300A787CA /* Debug */,
				10AB6D012C89ED5300A787CA /* Release */,
			);
			defaultConfigurationIsVisible = 0;
			defaultConfigurationName = Release;
		};
		10AB6D022C89ED5300A787CA /* Build configuration list for PBXNativeTarget "NumbersGameUITests" */ = {
			isa = XCConfigurationList;
			buildConfigurations = (
				10AB6D032C89ED5300A787CA /* Debug */,
				10AB6D042C89ED5300A787CA /* Release */,
			);
			defaultConfigurationIsVisible = 0;
			defaultConfigurationName = Release;
		};
/* End XCConfigurationList section */
	};
	rootObject = 10AB6CCF2C89ED4F00A787CA /* Project object */;
}
